
Microsoft Visual Studio Solution File, Format Version 12.00
# Visual Studio Version 17
VisualStudioVersion = 17.0.31919.166
MinimumVisualStudioVersion = 10.0.40219.1
Project("{9A19103F-16F7-4668-BE54-9A1E7A4F7556}") = "Siva.Marriages.WebApp", "Siva.Marriages.WebApp\Siva.Marriages.WebApp.csproj", "{9BB0AEE2-25BB-422F-AC23-C70202D6DBA0}"
EndProject
Project("{9A19103F-16F7-4668-BE54-9A1E7A4F7556}") = "Siva.Marriages.Business", "Siva.Marriages.Business\Siva.Marriages.Business.csproj", "{C087D381-F49E-42BD-84E8-D32A9630238E}"
EndProject
Project("{9A19103F-16F7-4668-BE54-9A1E7A4F7556}") = "Siva.Marriages.Test", "Siva.Marriages.Test\Siva.Marriages.Test.csproj", "{11B3CA53-33F4-4B84-82D1-6B0DCC10AC8F}"
EndProject
Global
	GlobalSection(SolutionConfigurationPlatforms) = preSolution
		Debug|Any CPU = Debug|Any CPU
		Release|Any CPU = Release|Any CPU
	EndGlobalSection
	GlobalSection(ProjectConfigurationPlatforms) = postSolution
		{9BB0AEE2-25BB-422F-AC23-C70202D6DBA0}.Debug|Any CPU.ActiveCfg = Debug|Any CPU
		{9BB0AEE2-25BB-422F-AC23-C70202D6DBA0}.Debug|Any CPU.Build.0 = Debug|Any CPU
		{9BB0AEE2-25BB-422F-AC23-C70202D6DBA0}.Release|Any CPU.ActiveCfg = Release|Any CPU
		{9BB0AEE2-25BB-422F-AC23-C70202D6DBA0}.Release|Any CPU.Build.0 = Release|Any CPU
		{C087D381-F49E-42BD-84E8-D32A9630238E}.Debug|Any CPU.ActiveCfg = Debug|Any CPU
		{C087D381-F49E-42BD-84E8-D32A9630238E}.Debug|Any CPU.Build.0 = Debug|Any CPU
		{C087D381-F49E-42BD-84E8-D32A9630238E}.Release|Any CPU.ActiveCfg = Release|Any CPU
		{C087D381-F49E-42BD-84E8-D32A9630238E}.Release|Any CPU.Build.0 = Release|Any CPU
		{11B3CA53-33F4-4B84-82D1-6B0DCC10AC8F}.Debug|Any CPU.ActiveCfg = Debug|Any CPU
		{11B3CA53-33F4-4B84-82D1-6B0DCC10AC8F}.Debug|Any CPU.Build.0 = Debug|Any CPU
		{11B3CA53-33F4-4B84-82D1-6B0DCC10AC8F}.Release|Any CPU.ActiveCfg = Release|Any CPU
		{11B3CA53-33F4-4B84-82D1-6B0DCC10AC8F}.Release|Any CPU.Build.0 = Release|Any CPU
	EndGlobalSection
	GlobalSection(SolutionProperties) = preSolution
		HideSolutionNode = FALSE
	EndGlobalSection
	GlobalSection(ExtensibilityGlobals) = postSolution
		SolutionGuid = {C8D33B05-5939-420E-AB11-77D927C80655}
	EndGlobalSection
EndGlobal
